// !$*UTF8*$!
{
	archiveVersion = 1;
	classes = {
	};
	objectVersion = 46;
	objects = {

/* Begin PBXBuildFile section */
		EF3CE7BF1D9A9D390074ACD7 /* main.c in Sources */ = {isa = PBXBuildFile; fileRef = EF3CE7BE1D9A9D390074ACD7 /* main.c */; };
/* End PBXBuildFile section */

/* Begin PBXCopyFilesBuildPhase section */
		EF3CE7B91D9A9D390074ACD7 /* CopyFiles */ = {
			isa = PBXCopyFilesBuildPhase;
			buildActionMask = 2147483647;
			dstPath = /usr/share/man/man1/;
			dstSubfolderSpec = 0;
			files = (
			);
			runOnlyForDeploymentPostprocessing = 1;
		};
/* End PBXCopyFilesBuildPhase section */

/* Begin PBXFileReference section */
		EF3CE7BB1D9A9D390074ACD7 /* MaxPriorityQueue */ = {isa = PBXFileReference; explicitFileType = "compiled.mach-o.executable"; includeInIndex = 0; path = MaxPriorityQueue; sourceTree = BUILT_PRODUCTS_DIR; };
		EF3CE7BE1D9A9D390074ACD7 /* main.c */ = {isa = PBXFileReference; lastKnownFileType = sourcecode.c.c; path = main.c; sourceTree = "<group>"; };
		EF3CE7C51D9A9D760074ACD7 /* data03.txt */ = {isa = PBXFileReference; fileEncoding = 2147486016; lastKnownFileType = text; lineEnding = 0; path = data03.txt; sourceTree = "<group>"; };
		EF3CE7C61D9A9ED60074ACD7 /* Essential.h */ = {isa = PBXFileReference; lastKnownFileType = sourcecode.c.h; path = Essential.h; sourceTree = "<group>"; };
		EF3CE7C71D9ABDF60074ACD7 /* Heap.h */ = {isa = PBXFileReference; lastKnownFileType = sourcecode.c.h; path = Heap.h; sourceTree = "<group>"; };
/* End PBXFileReference section */

/* Begin PBXFrameworksBuildPhase section */
		EF3CE7B81D9A9D390074ACD7 /* Frameworks */ = {
			isa = PBXFrameworksBuildPhase;
			buildActionMask = 2147483647;
			files = (
			);
			runOnlyForDeploymentPostprocessing = 0;
		};
/* End PBXFrameworksBuildPhase section */

/* Begin PBXGroup section */
		EF3CE7B21D9A9D390074ACD7 = {
			isa = PBXGroup;
			children = (
				EF3CE7BD1D9A9D390074ACD7 /* MaxPriorityQueue */,
				EF3CE7BC1D9A9D390074ACD7 /* Products */,
			);
			sourceTree = "<group>";
		};
		EF3CE7BC1D9A9D390074ACD7 /* Products */ = {
			isa = PBXGroup;
			children = (
				EF3CE7BB1D9A9D390074ACD7 /* MaxPriorityQueue */,
			);
			name = Products;
			sourceTree = "<group>";
		};
		EF3CE7BD1D9A9D390074ACD7 /* MaxPriorityQueue */ = {
			isa = PBXGroup;
			children = (
				EF3CE7C51D9A9D760074ACD7 /* data03.txt */,
				EF3CE7BE1D9A9D390074ACD7 /* main.c */,
				EF3CE7C71D9ABDF60074ACD7 /* Heap.h */,
				EF3CE7C61D9A9ED60074ACD7 /* Essential.h */,
			);
			name = MaxPriorityQueue;
			path = maxHeap;
			sourceTree = "<group>";
		};
/* End PBXGroup section */

/* Begin PBXNativeTarget section */
		EF3CE7BA1D9A9D390074ACD7 /* MaxPriorityQueue */ = {
			isa = PBXNativeTarget;
			buildConfigurationList = EF3CE7C21D9A9D390074ACD7 /* Build configuration list for PBXNativeTarget "MaxPriorityQueue" */;
			buildPhases = (
				EF3CE7B71D9A9D390074ACD7 /* Sources */,
				EF3CE7B81D9A9D390074ACD7 /* Frameworks */,
				EF3CE7B91D9A9D390074ACD7 /* CopyFiles */,
			);
			buildRules = (
			);
			dependencies = (
			);
			name = MaxPriorityQueue;
			productName = maxHeap;
			productReference = EF3CE7BB1D9A9D390074ACD7 /* MaxPriorityQueue */;
			productType = "com.apple.product-type.tool";
		};
/* End PBXNativeTarget section */

/* Begin PBXProject section */
		EF3CE7B31D9A9D390074ACD7 /* Project object */ = {
			isa = PBXProject;
			attributes = {
				LastUpgradeCheck = 0730;
				ORGANIZATIONNAME = "Sang-Gyeong Jo";
				TargetAttributes = {
					EF3CE7BA1D9A9D390074ACD7 = {
						CreatedOnToolsVersion = 7.3.1;
					};
				};
			};
			buildConfigurationList = EF3CE7B61D9A9D390074ACD7 /* Build configuration list for PBXProject "MaxPriorityQueue" */;
			compatibilityVersion = "Xcode 3.2";
			developmentRegion = English;
			hasScannedForEncodings = 0;
			knownRegions = (
				en,
			);
			mainGroup = EF3CE7B21D9A9D390074ACD7;
			productRefGroup = EF3CE7BC1D9A9D390074ACD7 /* Products */;
			projectDirPath = "";
			projectRoot = "";
			targets = (
				EF3CE7BA1D9A9D390074ACD7 /* MaxPriorityQueue */,
			);
		};
/* End PBXProject section */

/* Begin PBXSourcesBuildPhase section */
		EF3CE7B71D9A9D390074ACD7 /* Sources */ = {
			isa = PBXSourcesBuildPhase;
			buildActionMask = 2147483647;
			files = (
				EF3CE7BF1D9A9D390074ACD7 /* main.c in Sources */,
			);
			runOnlyForDeploymentPostprocessing = 0;
		};
/* End PBXSourcesBuildPhase section */

/* Begin XCBuildConfiguration section */
		EF3CE7C01D9A9D390074ACD7 /* Debug */ = {
			isa = XCBuildConfiguration;
			buildSettings = {
				ALWAYS_SEARCH_USER_PATHS = NO;
				CLANG_ANALYZER_NONNULL = YES;
				CLANG_CXX_LANGUAGE_STANDARD = "gnu++0x";
				CLANG_CXX_LIBRARY = "libc++";
				CLANG_ENABLE_MODULES = YES;
				CLANG_ENABLE_OBJC_ARC = YES;
				CLANG_WARN_BOOL_CONVERSION = YES;
				CLANG_WARN_CONSTANT_CONVERSION = YES;
				CLANG_WARN_DIRECT_OBJC_ISA_USAGE = YES_ERROR;
				CLANG_WARN_EMPTY_BODY = YES;
				CLANG_WARN_ENUM_CONVERSION = YES;
				CLANG_WARN_INT_CONVERSION = YES;
				CLANG_WARN_OBJC_ROOT_CLASS = YES_ERROR;
				CLANG_WARN_UNREACHABLE_CODE = YES;
				CLANG_WARN__DUPLICATE_METHOD_MATCH = YES;
				CODE_SIGN_IDENTITY = "-";
				COPY_PHASE_STRIP = NO;
				DEBUG_INFORMATION_FORMAT = dwarf;
				ENABLE_STRICT_OBJC_MSGSEND = YES;
				ENABLE_TESTABILITY = YES;
				GCC_C_LANGUAGE_STANDARD = gnu99;
				GCC_DYNAMIC_NO_PIC = NO;
				GCC_NO_COMMON_BLOCKS = YES;
				GCC_OPTIMIZATION_LEVEL = 0;
				GCC_PREPROCESSOR_DEFINITIONS = (
					"DEBUG=1",
					"$(inherited)",
				);
				GCC_WARN_64_TO_32_BIT_CONVERSION = YES;
				GCC_WARN_ABOUT_RETURN_TYPE = YES_ERROR;
				GCC_WARN_UNDECLARED_SELECTOR = YES;
				GCC_WARN_UNINITIALIZED_AUTOS = YES_AGGRESSIVE;
				GCC_WARN_UNUSED_FUNCTION = YES;
				GCC_WARN_UNUSED_VARIABLE = YES;
				MACOSX_DEPLOYMENT_TARGET = 10.11;
				MTL_ENABLE_DEBUG_INFO = YES;
				ONLY_ACTIVE_ARCH = YES;
				SDKROOT = macosx;
			};
			name = Debug;
		};
		EF3CE7C11D9A9D390074ACD7 /* Release */ = {
			isa = XCBuildConfiguration;
			buildSettings = {
				ALWAYS_SEARCH_USER_PATHS = NO;
				CLANG_ANALYZER_NONNULL = YES;
				CLANG_CXX_LANGUAGE_STANDARD = "gnu++0x";
				CLANG_CXX_LIBRARY = "libc++";
				CLANG_ENABLE_MODULES = YES;
				CLANG_ENABLE_OBJC_ARC = YES;
				CLANG_WARN_BOOL_CONVERSION = YES;
				CLANG_WARN_CONSTANT_CONVERSION = YES;
				CLANG_WARN_DIRECT_OBJC_ISA_USAGE = YES_ERROR;
				CLANG_WARN_EMPTY_BODY = YES;
				CLANG_WARN_ENUM_CONVERSION = YES;
				CLANG_WARN_INT_CONVERSION = YES;
				CLANG_WARN_OBJC_ROOT_CLASS = YES_ERROR;
				CLANG_WARN_UNREACHABLE_CODE = YES;
				CLANG_WARN__DUPLICATE_METHOD_MATCH = YES;
				CODE_SIGN_IDENTITY = "-";
				COPY_PHASE_STRIP = NO;
				DEBUG_INFORMATION_FORMAT = "dwarf-with-dsym";
				ENABLE_NS_ASSERTIONS = NO;
				ENABLE_STRICT_OBJC_MSGSEND = YES;
				GCC_C_LANGUAGE_STANDARD = gnu99;
				GCC_NO_COMMON_BLOCKS = YES;
				GCC_WARN_64_TO_32_BIT_CONVERSION = YES;
				GCC_WARN_ABOUT_RETURN_TYPE = YES_ERROR;
				GCC_WARN_UNDECLARED_SELECTOR = YES;
				GCC_WARN_UNINITIALIZED_AUTOS = YES_AGGRESSIVE;
				GCC_WARN_UNUSED_FUNCTION = YES;
				GCC_WARN_UNUSED_VARIABLE = YES;
				MACOSX_DEPLOYMENT_TARGET = 10.11;
				MTL_ENABLE_DEBUG_INFO = NO;
				SDKROOT = macosx;
			};
			name = Release;
		};
		EF3CE7C31D9A9D390074ACD7 /* Debug */ = {
			isa = XCBuildConfiguration;
			buildSettings = {
				MACOSX_DEPLOYMENT_TARGET = 10.11;
				PRODUCT_NAME = MaxPriorityQueue;
			};
			name = Debug;
		};
		EF3CE7C41D9A9D390074ACD7 /* Release */ = {
			isa = XCBuildConfiguration;
			buildSettings = {
				MACOSX_DEPLOYMENT_TARGET = 10.11;
				PRODUCT_NAME = MaxPriorityQueue;
			};
			name = Release;
		};
/* End XCBuildConfiguration section */

/* Begin XCConfigurationList section */
		EF3CE7B61D9A9D390074ACD7 /* Build configuration list for PBXProject "MaxPriorityQueue" */ = {
			isa = XCConfigurationList;
			buildConfigurations = (
				EF3CE7C01D9A9D390074ACD7 /* Debug */,
				EF3CE7C11D9A9D390074ACD7 /* Release */,
			);
			defaultConfigurationIsVisible = 0;
			defaultConfigurationName = Release;
		};
		EF3CE7C21D9A9D390074ACD7 /* Build configuration list for PBXNativeTarget "MaxPriorityQueue" */ = {
			isa = XCConfigurationList;
			buildConfigurations = (
				EF3CE7C31D9A9D390074ACD7 /* Debug */,
				EF3CE7C41D9A9D390074ACD7 /* Release */,
			);
			defaultConfigurationIsVisible = 0;
		};
/* End XCConfigurationList section */
	};
	rootObject = EF3CE7B31D9A9D390074ACD7 /* Project object */;
}
